// !$*UTF8*$!
{
	archiveVersion = 1;
	classes = {
	};
	objectVersion = 51;
	objects = {

/* Begin PBXBuildFile section */
		1AEFB070C671E42DF6AC7655 /* Pods_pokedexTests.framework in Frameworks */ = {isa = PBXBuildFile; fileRef = 69654B80D6DAA7B487ACC3D0 /* Pods_pokedexTests.framework */; };
		24F74B0B26AC7CC8002531D6 /* AppDelegate.swift in Sources */ = {isa = PBXBuildFile; fileRef = 24F74B0A26AC7CC8002531D6 /* AppDelegate.swift */; };
		24F74B0D26AC7CC8002531D6 /* SceneDelegate.swift in Sources */ = {isa = PBXBuildFile; fileRef = 24F74B0C26AC7CC8002531D6 /* SceneDelegate.swift */; };
		24F74B0F26AC7CC8002531D6 /* ViewController.swift in Sources */ = {isa = PBXBuildFile; fileRef = 24F74B0E26AC7CC8002531D6 /* ViewController.swift */; };
		24F74B1226AC7CC8002531D6 /* Main.storyboard in Resources */ = {isa = PBXBuildFile; fileRef = 24F74B1026AC7CC8002531D6 /* Main.storyboard */; };
		24F74B1526AC7CC8002531D6 /* pokedex.xcdatamodeld in Sources */ = {isa = PBXBuildFile; fileRef = 24F74B1326AC7CC8002531D6 /* pokedex.xcdatamodeld */; };
		24F74B1726AC7CC9002531D6 /* Assets.xcassets in Resources */ = {isa = PBXBuildFile; fileRef = 24F74B1626AC7CC9002531D6 /* Assets.xcassets */; };
		24F74B1A26AC7CC9002531D6 /* LaunchScreen.storyboard in Resources */ = {isa = PBXBuildFile; fileRef = 24F74B1826AC7CC9002531D6 /* LaunchScreen.storyboard */; };
		24F74B2526AC7CC9002531D6 /* pokedexTests.swift in Sources */ = {isa = PBXBuildFile; fileRef = 24F74B2426AC7CC9002531D6 /* pokedexTests.swift */; };
		24F74B3026AC7CC9002531D6 /* pokedexUITests.swift in Sources */ = {isa = PBXBuildFile; fileRef = 24F74B2F26AC7CC9002531D6 /* pokedexUITests.swift */; };
		24F74B3E26ACA87B002531D6 /* Detail.storyboard in Resources */ = {isa = PBXBuildFile; fileRef = 24F74B3D26ACA87B002531D6 /* Detail.storyboard */; };
		24F74B4226ACACA9002531D6 /* pokemonDetailViewController.swift in Sources */ = {isa = PBXBuildFile; fileRef = 24F74B4126ACACA9002531D6 /* pokemonDetailViewController.swift */; };
		24F74B4826ACC06A002531D6 /* UIViewsExtensions.swift in Sources */ = {isa = PBXBuildFile; fileRef = 24F74B4726ACC06A002531D6 /* UIViewsExtensions.swift */; };
		3FA7CBBB68CE41AFC8A11340 /* Pods_pokedex.framework in Frameworks */ = {isa = PBXBuildFile; fileRef = 8D613732BE62D04FA40CF201 /* Pods_pokedex.framework */; };
		41D43BA44D919DCAC15B55BD /* Pods_pokedex_pokedexUITests.framework in Frameworks */ = {isa = PBXBuildFile; fileRef = 45E61BB05564ED4C7F63DA0C /* Pods_pokedex_pokedexUITests.framework */; };
/* End PBXBuildFile section */

/* Begin PBXContainerItemProxy section */
		24F74B2126AC7CC9002531D6 /* PBXContainerItemProxy */ = {
			isa = PBXContainerItemProxy;
			containerPortal = 24F74AFF26AC7CC8002531D6 /* Project object */;
			proxyType = 1;
			remoteGlobalIDString = 24F74B0626AC7CC8002531D6;
			remoteInfo = pokedex;
		};
		24F74B2C26AC7CC9002531D6 /* PBXContainerItemProxy */ = {
			isa = PBXContainerItemProxy;
			containerPortal = 24F74AFF26AC7CC8002531D6 /* Project object */;
			proxyType = 1;
			remoteGlobalIDString = 24F74B0626AC7CC8002531D6;
			remoteInfo = pokedex;
		};
/* End PBXContainerItemProxy section */

/* Begin PBXFileReference section */
		02467512548D4FF115BF5868 /* Pods-pokedex.release.xcconfig */ = {isa = PBXFileReference; includeInIndex = 1; lastKnownFileType = text.xcconfig; name = "Pods-pokedex.release.xcconfig"; path = "Target Support Files/Pods-pokedex/Pods-pokedex.release.xcconfig"; sourceTree = "<group>"; };
		24F74B0726AC7CC8002531D6 /* pokedex.app */ = {isa = PBXFileReference; explicitFileType = wrapper.application; includeInIndex = 0; path = pokedex.app; sourceTree = BUILT_PRODUCTS_DIR; };
		24F74B0A26AC7CC8002531D6 /* AppDelegate.swift */ = {isa = PBXFileReference; lastKnownFileType = sourcecode.swift; path = AppDelegate.swift; sourceTree = "<group>"; };
		24F74B0C26AC7CC8002531D6 /* SceneDelegate.swift */ = {isa = PBXFileReference; lastKnownFileType = sourcecode.swift; path = SceneDelegate.swift; sourceTree = "<group>"; };
		24F74B0E26AC7CC8002531D6 /* ViewController.swift */ = {isa = PBXFileReference; lastKnownFileType = sourcecode.swift; path = ViewController.swift; sourceTree = "<group>"; };
		24F74B1126AC7CC8002531D6 /* Base */ = {isa = PBXFileReference; lastKnownFileType = file.storyboard; name = Base; path = Base.lproj/Main.storyboard; sourceTree = "<group>"; };
		24F74B1426AC7CC8002531D6 /* pokedex.xcdatamodel */ = {isa = PBXFileReference; lastKnownFileType = wrapper.xcdatamodel; path = pokedex.xcdatamodel; sourceTree = "<group>"; };
		24F74B1626AC7CC9002531D6 /* Assets.xcassets */ = {isa = PBXFileReference; lastKnownFileType = folder.assetcatalog; path = Assets.xcassets; sourceTree = "<group>"; };
		24F74B1926AC7CC9002531D6 /* Base */ = {isa = PBXFileReference; lastKnownFileType = file.storyboard; name = Base; path = Base.lproj/LaunchScreen.storyboard; sourceTree = "<group>"; };
		24F74B1B26AC7CC9002531D6 /* Info.plist */ = {isa = PBXFileReference; lastKnownFileType = text.plist.xml; path = Info.plist; sourceTree = "<group>"; };
		24F74B2026AC7CC9002531D6 /* pokedexTests.xctest */ = {isa = PBXFileReference; explicitFileType = wrapper.cfbundle; includeInIndex = 0; path = pokedexTests.xctest; sourceTree = BUILT_PRODUCTS_DIR; };
		24F74B2426AC7CC9002531D6 /* pokedexTests.swift */ = {isa = PBXFileReference; lastKnownFileType = sourcecode.swift; path = pokedexTests.swift; sourceTree = "<group>"; };
		24F74B2626AC7CC9002531D6 /* Info.plist */ = {isa = PBXFileReference; lastKnownFileType = text.plist.xml; path = Info.plist; sourceTree = "<group>"; };
		24F74B2B26AC7CC9002531D6 /* pokedexUITests.xctest */ = {isa = PBXFileReference; explicitFileType = wrapper.cfbundle; includeInIndex = 0; path = pokedexUITests.xctest; sourceTree = BUILT_PRODUCTS_DIR; };
		24F74B2F26AC7CC9002531D6 /* pokedexUITests.swift */ = {isa = PBXFileReference; lastKnownFileType = sourcecode.swift; path = pokedexUITests.swift; sourceTree = "<group>"; };
		24F74B3126AC7CC9002531D6 /* Info.plist */ = {isa = PBXFileReference; lastKnownFileType = text.plist.xml; path = Info.plist; sourceTree = "<group>"; };
		24F74B3D26ACA87B002531D6 /* Detail.storyboard */ = {isa = PBXFileReference; lastKnownFileType = file.storyboard; path = Detail.storyboard; sourceTree = "<group>"; };
		24F74B4126ACACA9002531D6 /* pokemonDetailViewController.swift */ = {isa = PBXFileReference; lastKnownFileType = sourcecode.swift; path = pokemonDetailViewController.swift; sourceTree = "<group>"; };
		24F74B4726ACC06A002531D6 /* UIViewsExtensions.swift */ = {isa = PBXFileReference; lastKnownFileType = sourcecode.swift; path = UIViewsExtensions.swift; sourceTree = "<group>"; };
		45E61BB05564ED4C7F63DA0C /* Pods_pokedex_pokedexUITests.framework */ = {isa = PBXFileReference; explicitFileType = wrapper.framework; includeInIndex = 0; path = Pods_pokedex_pokedexUITests.framework; sourceTree = BUILT_PRODUCTS_DIR; };
		5B1A03952102CA32C463A193 /* Pods-pokedex.debug.xcconfig */ = {isa = PBXFileReference; includeInIndex = 1; lastKnownFileType = text.xcconfig; name = "Pods-pokedex.debug.xcconfig"; path = "Target Support Files/Pods-pokedex/Pods-pokedex.debug.xcconfig"; sourceTree = "<group>"; };
		67F7B54F1CD2B40F7F789A18 /* Pods-pokedex-pokedexUITests.debug.xcconfig */ = {isa = PBXFileReference; includeInIndex = 1; lastKnownFileType = text.xcconfig; name = "Pods-pokedex-pokedexUITests.debug.xcconfig"; path = "Target Support Files/Pods-pokedex-pokedexUITests/Pods-pokedex-pokedexUITests.debug.xcconfig"; sourceTree = "<group>"; };
		69654B80D6DAA7B487ACC3D0 /* Pods_pokedexTests.framework */ = {isa = PBXFileReference; explicitFileType = wrapper.framework; includeInIndex = 0; path = Pods_pokedexTests.framework; sourceTree = BUILT_PRODUCTS_DIR; };
		8D613732BE62D04FA40CF201 /* Pods_pokedex.framework */ = {isa = PBXFileReference; explicitFileType = wrapper.framework; includeInIndex = 0; path = Pods_pokedex.framework; sourceTree = BUILT_PRODUCTS_DIR; };
		9B675F2A47E98F692EC8A00E /* Pods-pokedex-pokedexUITests.release.xcconfig */ = {isa = PBXFileReference; includeInIndex = 1; lastKnownFileType = text.xcconfig; name = "Pods-pokedex-pokedexUITests.release.xcconfig"; path = "Target Support Files/Pods-pokedex-pokedexUITests/Pods-pokedex-pokedexUITests.release.xcconfig"; sourceTree = "<group>"; };
		A5705FD130F86E13AECCEA05 /* Pods-pokedexTests.release.xcconfig */ = {isa = PBXFileReference; includeInIndex = 1; lastKnownFileType = text.xcconfig; name = "Pods-pokedexTests.release.xcconfig"; path = "Target Support Files/Pods-pokedexTests/Pods-pokedexTests.release.xcconfig"; sourceTree = "<group>"; };
		E99F2439EB727FBC749194F6 /* Pods-pokedexTests.debug.xcconfig */ = {isa = PBXFileReference; includeInIndex = 1; lastKnownFileType = text.xcconfig; name = "Pods-pokedexTests.debug.xcconfig"; path = "Target Support Files/Pods-pokedexTests/Pods-pokedexTests.debug.xcconfig"; sourceTree = "<group>"; };
/* End PBXFileReference section */

/* Begin PBXFrameworksBuildPhase section */
		24F74B0426AC7CC8002531D6 /* Frameworks */ = {
			isa = PBXFrameworksBuildPhase;
			buildActionMask = 2147483647;
			files = (
				3FA7CBBB68CE41AFC8A11340 /* Pods_pokedex.framework in Frameworks */,
			);
			runOnlyForDeploymentPostprocessing = 0;
		};
		24F74B1D26AC7CC9002531D6 /* Frameworks */ = {
			isa = PBXFrameworksBuildPhase;
			buildActionMask = 2147483647;
			files = (
				1AEFB070C671E42DF6AC7655 /* Pods_pokedexTests.framework in Frameworks */,
			);
			runOnlyForDeploymentPostprocessing = 0;
		};
		24F74B2826AC7CC9002531D6 /* Frameworks */ = {
			isa = PBXFrameworksBuildPhase;
			buildActionMask = 2147483647;
			files = (
				41D43BA44D919DCAC15B55BD /* Pods_pokedex_pokedexUITests.framework in Frameworks */,
			);
			runOnlyForDeploymentPostprocessing = 0;
		};
/* End PBXFrameworksBuildPhase section */

/* Begin PBXGroup section */
		158D8FF24EA648AECD841231 /* Pods */ = {
			isa = PBXGroup;
			children = (
				5B1A03952102CA32C463A193 /* Pods-pokedex.debug.xcconfig */,
				02467512548D4FF115BF5868 /* Pods-pokedex.release.xcconfig */,
				67F7B54F1CD2B40F7F789A18 /* Pods-pokedex-pokedexUITests.debug.xcconfig */,
				9B675F2A47E98F692EC8A00E /* Pods-pokedex-pokedexUITests.release.xcconfig */,
				E99F2439EB727FBC749194F6 /* Pods-pokedexTests.debug.xcconfig */,
				A5705FD130F86E13AECCEA05 /* Pods-pokedexTests.release.xcconfig */,
			);
			path = Pods;
			sourceTree = "<group>";
		};
		24F74AFE26AC7CC8002531D6 = {
			isa = PBXGroup;
			children = (
				24F74B0926AC7CC8002531D6 /* pokedex */,
				24F74B2326AC7CC9002531D6 /* pokedexTests */,
				24F74B2E26AC7CC9002531D6 /* pokedexUITests */,
				24F74B0826AC7CC8002531D6 /* Products */,
				158D8FF24EA648AECD841231 /* Pods */,
			);
			sourceTree = "<group>";
		};
		24F74B0826AC7CC8002531D6 /* Products */ = {
			isa = PBXGroup;
			children = (
				24F74B0726AC7CC8002531D6 /* pokedex.app */,
				24F74B2026AC7CC9002531D6 /* pokedexTests.xctest */,
				24F74B2B26AC7CC9002531D6 /* pokedexUITests.xctest */,
			);
			name = Products;
			sourceTree = "<group>";
		};
		24F74B0926AC7CC8002531D6 /* pokedex */ = {
			isa = PBXGroup;
			children = (
				24F74B4626ACC040002531D6 /* Controllers */,
				24F74B4526ACC038002531D6 /* Views */,
				24F74B4426ACC028002531D6 /* Models */,
				24F74B4326ACC01E002531D6 /* Extensions */,
				24F74B0A26AC7CC8002531D6 /* AppDelegate.swift */,
				24F74B0C26AC7CC8002531D6 /* SceneDelegate.swift */,
				24F74B1626AC7CC9002531D6 /* Assets.xcassets */,
				24F74B1B26AC7CC9002531D6 /* Info.plist */,
				24F74B1326AC7CC8002531D6 /* pokedex.xcdatamodeld */,
				6485A2BC05F0E7C0835FB738 /* Frameworks */,
			);
			path = pokedex;
			sourceTree = "<group>";
		};
		24F74B2326AC7CC9002531D6 /* pokedexTests */ = {
			isa = PBXGroup;
			children = (
				24F74B2426AC7CC9002531D6 /* pokedexTests.swift */,
				24F74B2626AC7CC9002531D6 /* Info.plist */,
			);
			path = pokedexTests;
			sourceTree = "<group>";
		};
		24F74B2E26AC7CC9002531D6 /* pokedexUITests */ = {
			isa = PBXGroup;
			children = (
				24F74B2F26AC7CC9002531D6 /* pokedexUITests.swift */,
				24F74B3126AC7CC9002531D6 /* Info.plist */,
			);
			path = pokedexUITests;
			sourceTree = "<group>";
		};
		24F74B4326ACC01E002531D6 /* Extensions */ = {
			isa = PBXGroup;
			children = (
				24F74B4726ACC06A002531D6 /* UIViewsExtensions.swift */,
			);
			path = Extensions;
			sourceTree = "<group>";
		};
		24F74B4426ACC028002531D6 /* Models */ = {
			isa = PBXGroup;
			children = (
			);
			path = Models;
			sourceTree = "<group>";
		};
		24F74B4526ACC038002531D6 /* Views */ = {
			isa = PBXGroup;
			children = (
				24F74B3D26ACA87B002531D6 /* Detail.storyboard */,
				24F74B1826AC7CC9002531D6 /* LaunchScreen.storyboard */,
				24F74B1026AC7CC8002531D6 /* Main.storyboard */,
			);
			path = Views;
			sourceTree = "<group>";
		};
		24F74B4626ACC040002531D6 /* Controllers */ = {
			isa = PBXGroup;
			children = (
				24F74B0E26AC7CC8002531D6 /* ViewController.swift */,
				24F74B4126ACACA9002531D6 /* pokemonDetailViewController.swift */,
			);
			path = Controllers;
			sourceTree = "<group>";
		};
		6485A2BC05F0E7C0835FB738 /* Frameworks */ = {
			isa = PBXGroup;
			children = (
				8D613732BE62D04FA40CF201 /* Pods_pokedex.framework */,
				45E61BB05564ED4C7F63DA0C /* Pods_pokedex_pokedexUITests.framework */,
				69654B80D6DAA7B487ACC3D0 /* Pods_pokedexTests.framework */,
			);
			name = Frameworks;
			path = ..;
			sourceTree = "<group>";
		};
/* End PBXGroup section */

/* Begin PBXNativeTarget section */
		24F74B0626AC7CC8002531D6 /* pokedex */ = {
			isa = PBXNativeTarget;
			buildConfigurationList = 24F74B3426AC7CC9002531D6 /* Build configuration list for PBXNativeTarget "pokedex" */;
			buildPhases = (
				61957F718B76D2905F7E8AFC /* [CP] Check Pods Manifest.lock */,
				24F74B0326AC7CC8002531D6 /* Sources */,
				24F74B0426AC7CC8002531D6 /* Frameworks */,
				24F74B0526AC7CC8002531D6 /* Resources */,
				37A4C07B283219F5F9ABEDB0 /* [CP] Embed Pods Frameworks */,
			);
			buildRules = (
			);
			dependencies = (
			);
			name = pokedex;
			productName = pokedex;
			productReference = 24F74B0726AC7CC8002531D6 /* pokedex.app */;
			productType = "com.apple.product-type.application";
		};
		24F74B1F26AC7CC9002531D6 /* pokedexTests */ = {
			isa = PBXNativeTarget;
			buildConfigurationList = 24F74B3726AC7CC9002531D6 /* Build configuration list for PBXNativeTarget "pokedexTests" */;
			buildPhases = (
				ADEA556718BF83B5854D3860 /* [CP] Check Pods Manifest.lock */,
				24F74B1C26AC7CC9002531D6 /* Sources */,
				24F74B1D26AC7CC9002531D6 /* Frameworks */,
				24F74B1E26AC7CC9002531D6 /* Resources */,
			);
			buildRules = (
			);
			dependencies = (
				24F74B2226AC7CC9002531D6 /* PBXTargetDependency */,
			);
			name = pokedexTests;
			productName = pokedexTests;
			productReference = 24F74B2026AC7CC9002531D6 /* pokedexTests.xctest */;
			productType = "com.apple.product-type.bundle.unit-test";
		};
		24F74B2A26AC7CC9002531D6 /* pokedexUITests */ = {
			isa = PBXNativeTarget;
			buildConfigurationList = 24F74B3A26AC7CC9002531D6 /* Build configuration list for PBXNativeTarget "pokedexUITests" */;
			buildPhases = (
				0B52232328EC3FA779140A77 /* [CP] Check Pods Manifest.lock */,
				24F74B2726AC7CC9002531D6 /* Sources */,
				24F74B2826AC7CC9002531D6 /* Frameworks */,
				24F74B2926AC7CC9002531D6 /* Resources */,
				10403CD19D514E68D1EC6A6B /* [CP] Embed Pods Frameworks */,
			);
			buildRules = (
			);
			dependencies = (
				24F74B2D26AC7CC9002531D6 /* PBXTargetDependency */,
			);
			name = pokedexUITests;
			productName = pokedexUITests;
			productReference = 24F74B2B26AC7CC9002531D6 /* pokedexUITests.xctest */;
			productType = "com.apple.product-type.bundle.ui-testing";
		};
/* End PBXNativeTarget section */

/* Begin PBXProject section */
		24F74AFF26AC7CC8002531D6 /* Project object */ = {
			isa = PBXProject;
			attributes = {
				LastSwiftUpdateCheck = 1250;
				LastUpgradeCheck = 1250;
				TargetAttributes = {
					24F74B0626AC7CC8002531D6 = {
						CreatedOnToolsVersion = 12.5.1;
					};
					24F74B1F26AC7CC9002531D6 = {
						CreatedOnToolsVersion = 12.5.1;
						TestTargetID = 24F74B0626AC7CC8002531D6;
					};
					24F74B2A26AC7CC9002531D6 = {
						CreatedOnToolsVersion = 12.5.1;
						TestTargetID = 24F74B0626AC7CC8002531D6;
					};
				};
			};
			buildConfigurationList = 24F74B0226AC7CC8002531D6 /* Build configuration list for PBXProject "pokedex" */;
			compatibilityVersion = "Xcode 9.3";
			developmentRegion = en;
			hasScannedForEncodings = 0;
			knownRegions = (
				en,
				Base,
			);
			mainGroup = 24F74AFE26AC7CC8002531D6;
			productRefGroup = 24F74B0826AC7CC8002531D6 /* Products */;
			projectDirPath = "";
			projectRoot = "";
			targets = (
				24F74B0626AC7CC8002531D6 /* pokedex */,
				24F74B1F26AC7CC9002531D6 /* pokedexTests */,
				24F74B2A26AC7CC9002531D6 /* pokedexUITests */,
			);
		};
/* End PBXProject section */

/* Begin PBXResourcesBuildPhase section */
		24F74B0526AC7CC8002531D6 /* Resources */ = {
			isa = PBXResourcesBuildPhase;
			buildActionMask = 2147483647;
			files = (
				24F74B1A26AC7CC9002531D6 /* LaunchScreen.storyboard in Resources */,
				24F74B1726AC7CC9002531D6 /* Assets.xcassets in Resources */,
				24F74B1226AC7CC8002531D6 /* Main.storyboard in Resources */,
				24F74B3E26ACA87B002531D6 /* Detail.storyboard in Resources */,
			);
			runOnlyForDeploymentPostprocessing = 0;
		};
		24F74B1E26AC7CC9002531D6 /* Resources */ = {
			isa = PBXResourcesBuildPhase;
			buildActionMask = 2147483647;
			files = (
			);
			runOnlyForDeploymentPostprocessing = 0;
		};
		24F74B2926AC7CC9002531D6 /* Resources */ = {
			isa = PBXResourcesBuildPhase;
			buildActionMask = 2147483647;
			files = (
			);
			runOnlyForDeploymentPostprocessing = 0;
		};
/* End PBXResourcesBuildPhase section */

/* Begin PBXShellScriptBuildPhase section */
		0B52232328EC3FA779140A77 /* [CP] Check Pods Manifest.lock */ = {
			isa = PBXShellScriptBuildPhase;
			buildActionMask = 2147483647;
			files = (
			);
			inputFileListPaths = (
			);
			inputPaths = (
				"${PODS_PODFILE_DIR_PATH}/Podfile.lock",
				"${PODS_ROOT}/Manifest.lock",
			);
			name = "[CP] Check Pods Manifest.lock";
			outputFileListPaths = (
			);
			outputPaths = (
				"$(DERIVED_FILE_DIR)/Pods-pokedex-pokedexUITests-checkManifestLockResult.txt",
			);
			runOnlyForDeploymentPostprocessing = 0;
			shellPath = /bin/sh;
			shellScript = "diff \"${PODS_PODFILE_DIR_PATH}/Podfile.lock\" \"${PODS_ROOT}/Manifest.lock\" > /dev/null\nif [ $? != 0 ] ; then\n    # print error to STDERR\n    echo \"error: The sandbox is not in sync with the Podfile.lock. Run 'pod install' or update your CocoaPods installation.\" >&2\n    exit 1\nfi\n# This output is used by Xcode 'outputs' to avoid re-running this script phase.\necho \"SUCCESS\" > \"${SCRIPT_OUTPUT_FILE_0}\"\n";
			showEnvVarsInLog = 0;
		};
		10403CD19D514E68D1EC6A6B /* [CP] Embed Pods Frameworks */ = {
			isa = PBXShellScriptBuildPhase;
			buildActionMask = 2147483647;
			files = (
			);
			inputFileListPaths = (
				"${PODS_ROOT}/Target Support Files/Pods-pokedex-pokedexUITests/Pods-pokedex-pokedexUITests-frameworks-${CONFIGURATION}-input-files.xcfilelist",
			);
			name = "[CP] Embed Pods Frameworks";
			outputFileListPaths = (
				"${PODS_ROOT}/Target Support Files/Pods-pokedex-pokedexUITests/Pods-pokedex-pokedexUITests-frameworks-${CONFIGURATION}-output-files.xcfilelist",
			);
			runOnlyForDeploymentPostprocessing = 0;
			shellPath = /bin/sh;
			shellScript = "\"${PODS_ROOT}/Target Support Files/Pods-pokedex-pokedexUITests/Pods-pokedex-pokedexUITests-frameworks.sh\"\n";
			showEnvVarsInLog = 0;
		};
		37A4C07B283219F5F9ABEDB0 /* [CP] Embed Pods Frameworks */ = {
			isa = PBXShellScriptBuildPhase;
			buildActionMask = 2147483647;
			files = (
			);
			inputFileListPaths = (
				"${PODS_ROOT}/Target Support Files/Pods-pokedex/Pods-pokedex-frameworks-${CONFIGURATION}-input-files.xcfilelist",
			);
			name = "[CP] Embed Pods Frameworks";
			outputFileListPaths = (
				"${PODS_ROOT}/Target Support Files/Pods-pokedex/Pods-pokedex-frameworks-${CONFIGURATION}-output-files.xcfilelist",
			);
			runOnlyForDeploymentPostprocessing = 0;
			shellPath = /bin/sh;
			shellScript = "\"${PODS_ROOT}/Target Support Files/Pods-pokedex/Pods-pokedex-frameworks.sh\"\n";
			showEnvVarsInLog = 0;
		};
		61957F718B76D2905F7E8AFC /* [CP] Check Pods Manifest.lock */ = {
			isa = PBXShellScriptBuildPhase;
			buildActionMask = 2147483647;
			files = (
			);
			inputFileListPaths = (
			);
			inputPaths = (
				"${PODS_PODFILE_DIR_PATH}/Podfile.lock",
				"${PODS_ROOT}/Manifest.lock",
			);
			name = "[CP] Check Pods Manifest.lock";
			outputFileListPaths = (
			);
			outputPaths = (
				"$(DERIVED_FILE_DIR)/Pods-pokedex-checkManifestLockResult.txt",
			);
			runOnlyForDeploymentPostprocessing = 0;
			shellPath = /bin/sh;
			shellScript = "diff \"${PODS_PODFILE_DIR_PATH}/Podfile.lock\" \"${PODS_ROOT}/Manifest.lock\" > /dev/null\nif [ $? != 0 ] ; then\n    # print error to STDERR\n    echo \"error: The sandbox is not in sync with the Podfile.lock. Run 'pod install' or update your CocoaPods installation.\" >&2\n    exit 1\nfi\n# This output is used by Xcode 'outputs' to avoid re-running this script phase.\necho \"SUCCESS\" > \"${SCRIPT_OUTPUT_FILE_0}\"\n";
			showEnvVarsInLog = 0;
		};
		ADEA556718BF83B5854D3860 /* [CP] Check Pods Manifest.lock */ = {
			isa = PBXShellScriptBuildPhase;
			buildActionMask = 2147483647;
			files = (
			);
			inputFileListPaths = (
			);
			inputPaths = (
				"${PODS_PODFILE_DIR_PATH}/Podfile.lock",
				"${PODS_ROOT}/Manifest.lock",
			);
			name = "[CP] Check Pods Manifest.lock";
			outputFileListPaths = (
			);
			outputPaths = (
				"$(DERIVED_FILE_DIR)/Pods-pokedexTests-checkManifestLockResult.txt",
			);
			runOnlyForDeploymentPostprocessing = 0;
			shellPath = /bin/sh;
			shellScript = "diff \"${PODS_PODFILE_DIR_PATH}/Podfile.lock\" \"${PODS_ROOT}/Manifest.lock\" > /dev/null\nif [ $? != 0 ] ; then\n    # print error to STDERR\n    echo \"error: The sandbox is not in sync with the Podfile.lock. Run 'pod install' or update your CocoaPods installation.\" >&2\n    exit 1\nfi\n# This output is used by Xcode 'outputs' to avoid re-running this script phase.\necho \"SUCCESS\" > \"${SCRIPT_OUTPUT_FILE_0}\"\n";
			showEnvVarsInLog = 0;
		};
/* End PBXShellScriptBuildPhase section */

/* Begin PBXSourcesBuildPhase section */
		24F74B0326AC7CC8002531D6 /* Sources */ = {
			isa = PBXSourcesBuildPhase;
			buildActionMask = 2147483647;
			files = (
				24F74B4826ACC06A002531D6 /* UIViewsExtensions.swift in Sources */,
				24F74B1526AC7CC8002531D6 /* pokedex.xcdatamodeld in Sources */,
				24F74B0F26AC7CC8002531D6 /* ViewController.swift in Sources */,
				24F74B0B26AC7CC8002531D6 /* AppDelegate.swift in Sources */,
				24F74B4226ACACA9002531D6 /* pokemonDetailViewController.swift in Sources */,
				24F74B0D26AC7CC8002531D6 /* SceneDelegate.swift in Sources */,
			);
			runOnlyForDeploymentPostprocessing = 0;
		};
		24F74B1C26AC7CC9002531D6 /* Sources */ = {
			isa = PBXSourcesBuildPhase;
			buildActionMask = 2147483647;
			files = (
				24F74B2526AC7CC9002531D6 /* pokedexTests.swift in Sources */,
			);
			runOnlyForDeploymentPostprocessing = 0;
		};
		24F74B2726AC7CC9002531D6 /* Sources */ = {
			isa = PBXSourcesBuildPhase;
			buildActionMask = 2147483647;
			files = (
				24F74B3026AC7CC9002531D6 /* pokedexUITests.swift in Sources */,
			);
			runOnlyForDeploymentPostprocessing = 0;
		};
/* End PBXSourcesBuildPhase section */

/* Begin PBXTargetDependency section */
		24F74B2226AC7CC9002531D6 /* PBXTargetDependency */ = {
			isa = PBXTargetDependency;
			target = 24F74B0626AC7CC8002531D6 /* pokedex */;
			targetProxy = 24F74B2126AC7CC9002531D6 /* PBXContainerItemProxy */;
		};
		24F74B2D26AC7CC9002531D6 /* PBXTargetDependency */ = {
			isa = PBXTargetDependency;
			target = 24F74B0626AC7CC8002531D6 /* pokedex */;
			targetProxy = 24F74B2C26AC7CC9002531D6 /* PBXContainerItemProxy */;
		};
/* End PBXTargetDependency section */

/* Begin PBXVariantGroup section */
		24F74B1026AC7CC8002531D6 /* Main.storyboard */ = {
			isa = PBXVariantGroup;
			children = (
				24F74B1126AC7CC8002531D6 /* Base */,
			);
			name = Main.storyboard;
			sourceTree = "<group>";
		};
		24F74B1826AC7CC9002531D6 /* LaunchScreen.storyboard */ = {
			isa = PBXVariantGroup;
			children = (
				24F74B1926AC7CC9002531D6 /* Base */,
			);
			name = LaunchScreen.storyboard;
			sourceTree = "<group>";
		};
/* End PBXVariantGroup section */

/* Begin XCBuildConfiguration section */
		24F74B3226AC7CC9002531D6 /* Debug */ = {
			isa = XCBuildConfiguration;
			buildSettings = {
				ALWAYS_SEARCH_USER_PATHS = NO;
				CLANG_ANALYZER_NONNULL = YES;
				CLANG_ANALYZER_NUMBER_OBJECT_CONVERSION = YES_AGGRESSIVE;
				CLANG_CXX_LANGUAGE_STANDARD = "gnu++14";
				CLANG_CXX_LIBRARY = "libc++";
				CLANG_ENABLE_MODULES = YES;
				CLANG_ENABLE_OBJC_ARC = YES;
				CLANG_ENABLE_OBJC_WEAK = YES;
				CLANG_WARN_BLOCK_CAPTURE_AUTORELEASING = YES;
				CLANG_WARN_BOOL_CONVERSION = YES;
				CLANG_WARN_COMMA = YES;
				CLANG_WARN_CONSTANT_CONVERSION = YES;
				CLANG_WARN_DEPRECATED_OBJC_IMPLEMENTATIONS = YES;
				CLANG_WARN_DIRECT_OBJC_ISA_USAGE = YES_ERROR;
				CLANG_WARN_DOCUMENTATION_COMMENTS = YES;
				CLANG_WARN_EMPTY_BODY = YES;
				CLANG_WARN_ENUM_CONVERSION = YES;
				CLANG_WARN_INFINITE_RECURSION = YES;
				CLANG_WARN_INT_CONVERSION = YES;
				CLANG_WARN_NON_LITERAL_NULL_CONVERSION = YES;
				CLANG_WARN_OBJC_IMPLICIT_RETAIN_SELF = YES;
				CLANG_WARN_OBJC_LITERAL_CONVERSION = YES;
				CLANG_WARN_OBJC_ROOT_CLASS = YES_ERROR;
				CLANG_WARN_QUOTED_INCLUDE_IN_FRAMEWORK_HEADER = YES;
				CLANG_WARN_RANGE_LOOP_ANALYSIS = YES;
				CLANG_WARN_STRICT_PROTOTYPES = YES;
				CLANG_WARN_SUSPICIOUS_MOVE = YES;
				CLANG_WARN_UNGUARDED_AVAILABILITY = YES_AGGRESSIVE;
				CLANG_WARN_UNREACHABLE_CODE = YES;
				CLANG_WARN__DUPLICATE_METHOD_MATCH = YES;
				COPY_PHASE_STRIP = NO;
				DEBUG_INFORMATION_FORMAT = dwarf;
				ENABLE_STRICT_OBJC_MSGSEND = YES;
				ENABLE_TESTABILITY = YES;
				GCC_C_LANGUAGE_STANDARD = gnu11;
				GCC_DYNAMIC_NO_PIC = NO;
				GCC_NO_COMMON_BLOCKS = YES;
				GCC_OPTIMIZATION_LEVEL = 0;
				GCC_PREPROCESSOR_DEFINITIONS = (
					"DEBUG=1",
					"$(inherited)",
				);
				GCC_WARN_64_TO_32_BIT_CONVERSION = YES;
				GCC_WARN_ABOUT_RETURN_TYPE = YES_ERROR;
				GCC_WARN_UNDECLARED_SELECTOR = YES;
				GCC_WARN_UNINITIALIZED_AUTOS = YES_AGGRESSIVE;
				GCC_WARN_UNUSED_FUNCTION = YES;
				GCC_WARN_UNUSED_VARIABLE = YES;
				IPHONEOS_DEPLOYMENT_TARGET = 14.5;
				MTL_ENABLE_DEBUG_INFO = INCLUDE_SOURCE;
				MTL_FAST_MATH = YES;
				ONLY_ACTIVE_ARCH = YES;
				SDKROOT = iphoneos;
				SWIFT_ACTIVE_COMPILATION_CONDITIONS = DEBUG;
				SWIFT_OPTIMIZATION_LEVEL = "-Onone";
			};
			name = Debug;
		};
		24F74B3326AC7CC9002531D6 /* Release */ = {
			isa = XCBuildConfiguration;
			buildSettings = {
				ALWAYS_SEARCH_USER_PATHS = NO;
				CLANG_ANALYZER_NONNULL = YES;
				CLANG_ANALYZER_NUMBER_OBJECT_CONVERSION = YES_AGGRESSIVE;
				CLANG_CXX_LANGUAGE_STANDARD = "gnu++14";
				CLANG_CXX_LIBRARY = "libc++";
				CLANG_ENABLE_MODULES = YES;
				CLANG_ENABLE_OBJC_ARC = YES;
				CLANG_ENABLE_OBJC_WEAK = YES;
				CLANG_WARN_BLOCK_CAPTURE_AUTORELEASING = YES;
				CLANG_WARN_BOOL_CONVERSION = YES;
				CLANG_WARN_COMMA = YES;
				CLANG_WARN_CONSTANT_CONVERSION = YES;
				CLANG_WARN_DEPRECATED_OBJC_IMPLEMENTATIONS = YES;
				CLANG_WARN_DIRECT_OBJC_ISA_USAGE = YES_ERROR;
				CLANG_WARN_DOCUMENTATION_COMMENTS = YES;
				CLANG_WARN_EMPTY_BODY = YES;
				CLANG_WARN_ENUM_CONVERSION = YES;
				CLANG_WARN_INFINITE_RECURSION = YES;
				CLANG_WARN_INT_CONVERSION = YES;
				CLANG_WARN_NON_LITERAL_NULL_CONVERSION = YES;
				CLANG_WARN_OBJC_IMPLICIT_RETAIN_SELF = YES;
				CLANG_WARN_OBJC_LITERAL_CONVERSION = YES;
				CLANG_WARN_OBJC_ROOT_CLASS = YES_ERROR;
				CLANG_WARN_QUOTED_INCLUDE_IN_FRAMEWORK_HEADER = YES;
				CLANG_WARN_RANGE_LOOP_ANALYSIS = YES;
				CLANG_WARN_STRICT_PROTOTYPES = YES;
				CLANG_WARN_SUSPICIOUS_MOVE = YES;
				CLANG_WARN_UNGUARDED_AVAILABILITY = YES_AGGRESSIVE;
				CLANG_WARN_UNREACHABLE_CODE = YES;
				CLANG_WARN__DUPLICATE_METHOD_MATCH = YES;
				COPY_PHASE_STRIP = NO;
				DEBUG_INFORMATION_FORMAT = "dwarf-with-dsym";
				ENABLE_NS_ASSERTIONS = NO;
				ENABLE_STRICT_OBJC_MSGSEND = YES;
				GCC_C_LANGUAGE_STANDARD = gnu11;
				GCC_NO_COMMON_BLOCKS = YES;
				GCC_WARN_64_TO_32_BIT_CONVERSION = YES;
				GCC_WARN_ABOUT_RETURN_TYPE = YES_ERROR;
				GCC_WARN_UNDECLARED_SELECTOR = YES;
				GCC_WARN_UNINITIALIZED_AUTOS = YES_AGGRESSIVE;
				GCC_WARN_UNUSED_FUNCTION = YES;
				GCC_WARN_UNUSED_VARIABLE = YES;
				IPHONEOS_DEPLOYMENT_TARGET = 14.5;
				MTL_ENABLE_DEBUG_INFO = NO;
				MTL_FAST_MATH = YES;
				SDKROOT = iphoneos;
				SWIFT_COMPILATION_MODE = wholemodule;
				SWIFT_OPTIMIZATION_LEVEL = "-O";
				VALIDATE_PRODUCT = YES;
			};
			name = Release;
		};
		24F74B3526AC7CC9002531D6 /* Debug */ = {
			isa = XCBuildConfiguration;
			baseConfigurationReference = 5B1A03952102CA32C463A193 /* Pods-pokedex.debug.xcconfig */;
			buildSettings = {
				ASSETCATALOG_COMPILER_APPICON_NAME = AppIcon;
				ASSETCATALOG_COMPILER_GLOBAL_ACCENT_COLOR_NAME = AccentColor;
				CODE_SIGN_STYLE = Automatic;
				INFOPLIST_FILE = pokedex/Info.plist;
				IPHONEOS_DEPLOYMENT_TARGET = 13.0;
				LD_RUNPATH_SEARCH_PATHS = (
					"$(inherited)",
					"@executable_path/Frameworks",
				);
				PRODUCT_BUNDLE_IDENTIFIER = oscarAMS95.pokedex;
				PRODUCT_NAME = "$(TARGET_NAME)";
				SWIFT_VERSION = 5.0;
				TARGETED_DEVICE_FAMILY = 1;
			};
			name = Debug;
		};
		24F74B3626AC7CC9002531D6 /* Release */ = {
			isa = XCBuildConfiguration;
			baseConfigurationReference = 02467512548D4FF115BF5868 /* Pods-pokedex.release.xcconfig */;
			buildSettings = {
				ASSETCATALOG_COMPILER_APPICON_NAME = AppIcon;
				ASSETCATALOG_COMPILER_GLOBAL_ACCENT_COLOR_NAME = AccentColor;
				CODE_SIGN_STYLE = Automatic;
				INFOPLIST_FILE = pokedex/Info.plist;
				IPHONEOS_DEPLOYMENT_TARGET = 13.0;
				LD_RUNPATH_SEARCH_PATHS = (
					"$(inherited)",
					"@executable_path/Frameworks",
				);
				PRODUCT_BUNDLE_IDENTIFIER = oscarAMS95.pokedex;
				PRODUCT_NAME = "$(TARGET_NAME)";
				SWIFT_VERSION = 5.0;
				TARGETED_DEVICE_FAMILY = 1;
			};
			name = Release;
		};
		24F74B3826AC7CC9002531D6 /* Debug */ = {
			isa = XCBuildConfiguration;
			baseConfigurationReference = E99F2439EB727FBC749194F6 /* Pods-pokedexTests.debug.xcconfig */;
			buildSettings = {
				ALWAYS_EMBED_SWIFT_STANDARD_LIBRARIES = YES;
				BUNDLE_LOADER = "$(TEST_HOST)";
				CODE_SIGN_STYLE = Automatic;
				INFOPLIST_FILE = pokedexTests/Info.plist;
				IPHONEOS_DEPLOYMENT_TARGET = 14.5;
				LD_RUNPATH_SEARCH_PATHS = (
					"$(inherited)",
					"@executable_path/Frameworks",
					"@loader_path/Frameworks",
				);
				PRODUCT_BUNDLE_IDENTIFIER = oscarAMS95.pokedexTests;
				PRODUCT_NAME = "$(TARGET_NAME)";
				SWIFT_VERSION = 5.0;
				TARGETED_DEVICE_FAMILY = "1,2";
				TEST_HOST = "$(BUILT_PRODUCTS_DIR)/pokedex.app/pokedex";
			};
			name = Debug;
		};
		24F74B3926AC7CC9002531D6 /* Release */ = {
			isa = XCBuildConfiguration;
			baseConfigurationReference = A5705FD130F86E13AECCEA05 /* Pods-pokedexTests.release.xcconfig */;
			buildSettings = {
				ALWAYS_EMBED_SWIFT_STANDARD_LIBRARIES = YES;
				BUNDLE_LOADER = "$(TEST_HOST)";
				CODE_SIGN_STYLE = Automatic;
				INFOPLIST_FILE = pokedexTests/Info.plist;
				IPHONEOS_DEPLOYMENT_TARGET = 14.5;
				LD_RUNPATH_SEARCH_PATHS = (
					"$(inherited)",
					"@executable_path/Frameworks",
					"@loader_path/Frameworks",
				);
				PRODUCT_BUNDLE_IDENTIFIER = oscarAMS95.pokedexTests;
				PRODUCT_NAME = "$(TARGET_NAME)";
				SWIFT_VERSION = 5.0;
				TARGETED_DEVICE_FAMILY = "1,2";
				TEST_HOST = "$(BUILT_PRODUCTS_DIR)/pokedex.app/pokedex";
			};
			name = Release;
		};
		24F74B3B26AC7CC9002531D6 /* Debug */ = {
			isa = XCBuildConfiguration;
			baseConfigurationReference = 67F7B54F1CD2B40F7F789A18 /* Pods-pokedex-pokedexUITests.debug.xcconfig */;
			buildSettings = {
				ALWAYS_EMBED_SWIFT_STANDARD_LIBRARIES = YES;
				CODE_SIGN_STYLE = Automatic;
				INFOPLIST_FILE = pokedexUITests/Info.plist;
				LD_RUNPATH_SEARCH_PATHS = (
					"$(inherited)",
					"@executable_path/Frameworks",
					"@loader_path/Frameworks",
				);
				PRODUCT_BUNDLE_IDENTIFIER = oscarAMS95.pokedexUITests;
				PRODUCT_NAME = "$(TARGET_NAME)";
				SWIFT_VERSION = 5.0;
				TARGETED_DEVICE_FAMILY = "1,2";
				TEST_TARGET_NAME = pokedex;
			};
			name = Debug;
		};
		24F74B3C26AC7CC9002531D6 /* Release */ = {
			isa = XCBuildConfiguration;
			baseConfigurationReference = 9B675F2A47E98F692EC8A00E /* Pods-pokedex-pokedexUITests.release.xcconfig */;
			buildSettings = {
				ALWAYS_EMBED_SWIFT_STANDARD_LIBRARIES = YES;
				CODE_SIGN_STYLE = Automatic;
				INFOPLIST_FILE = pokedexUITests/Info.plist;
				LD_RUNPATH_SEARCH_PATHS = (
					"$(inherited)",
					"@executable_path/Frameworks",
					"@loader_path/Frameworks",
				);
				PRODUCT_BUNDLE_IDENTIFIER = oscarAMS95.pokedexUITests;
				PRODUCT_NAME = "$(TARGET_NAME)";
				SWIFT_VERSION = 5.0;
				TARGETED_DEVICE_FAMILY = "1,2";
				TEST_TARGET_NAME = pokedex;
			};
			name = Release;
		};
/* End XCBuildConfiguration section */

/* Begin XCConfigurationList section */
		24F74B0226AC7CC8002531D6 /* Build configuration list for PBXProject "pokedex" */ = {
			isa = XCConfigurationList;
			buildConfigurations = (
				24F74B3226AC7CC9002531D6 /* Debug */,
				24F74B3326AC7CC9002531D6 /* Release */,
			);
			defaultConfigurationIsVisible = 0;
			defaultConfigurationName = Release;
		};
		24F74B3426AC7CC9002531D6 /* Build configuration list for PBXNativeTarget "pokedex" */ = {
			isa = XCConfigurationList;
			buildConfigurations = (
				24F74B3526AC7CC9002531D6 /* Debug */,
				24F74B3626AC7CC9002531D6 /* Release */,
			);
			defaultConfigurationIsVisible = 0;
			defaultConfigurationName = Release;
		};
		24F74B3726AC7CC9002531D6 /* Build configuration list for PBXNativeTarget "pokedexTests" */ = {
			isa = XCConfigurationList;
			buildConfigurations = (
				24F74B3826AC7CC9002531D6 /* Debug */,
				24F74B3926AC7CC9002531D6 /* Release */,
			);
			defaultConfigurationIsVisible = 0;
			defaultConfigurationName = Release;
		};
		24F74B3A26AC7CC9002531D6 /* Build configuration list for PBXNativeTarget "pokedexUITests" */ = {
			isa = XCConfigurationList;
			buildConfigurations = (
				24F74B3B26AC7CC9002531D6 /* Debug */,
				24F74B3C26AC7CC9002531D6 /* Release */,
			);
			defaultConfigurationIsVisible = 0;
			defaultConfigurationName = Release;
		};
/* End XCConfigurationList section */

/* Begin XCVersionGroup section */
		24F74B1326AC7CC8002531D6 /* pokedex.xcdatamodeld */ = {
			isa = XCVersionGroup;
			children = (
				24F74B1426AC7CC8002531D6 /* pokedex.xcdatamodel */,
			);
			currentVersion = 24F74B1426AC7CC8002531D6 /* pokedex.xcdatamodel */;
			path = pokedex.xcdatamodeld;
			sourceTree = "<group>";
			versionGroupType = wrapper.xcdatamodel;
		};
/* End XCVersionGroup section */
	};
	rootObject = 24F74AFF26AC7CC8002531D6 /* Project object */;
}
